
Microsoft Visual Studio Solution File, Format Version 12.00
# Visual Studio 2013
VisualStudioVersion = 12.0.21005.1
MinimumVisualStudioVersion = 10.0.40219.1
Project("{159641D6-6404-4A2A-AE62-294DE0FE8301}") = "Lekote's_Corp_SSIS_Project", "Lekote's_Corp_SSIS_Project.dtproj", "{4FBA157B-E11C-44AE-9514-60CA4E02F5AF}"
EndProject
Global
	GlobalSection(SolutionConfigurationPlatforms) = preSolution
		Development|Default = Development|Default
	EndGlobalSection
	GlobalSection(ProjectConfigurationPlatforms) = postSolution
		{4FBA157B-E11C-44AE-9514-60CA4E02F5AF}.Development|Default.ActiveCfg = Development
		{4FBA157B-E11C-44AE-9514-60CA4E02F5AF}.Development|Default.Build.0 = Development
	EndGlobalSection
	GlobalSection(SolutionProperties) = preSolution
		HideSolutionNode = FALSE
	EndGlobalSection
EndGlobal
