
Microsoft Visual Studio Solution File, Format Version 12.00
# Visual Studio 2013
VisualStudioVersion = 12.0.21005.1
MinimumVisualStudioVersion = 10.0.40219.1
Project("{159641D6-6404-4A2A-AE62-294DE0FE8301}") = "Borrower's_File_CSV_FIle", "Borrower's_File_CSV_FIle.dtproj", "{B040F14E-CF2D-4307-BE6D-C6B42A6FA4D5}"
EndProject
Global
	GlobalSection(SolutionConfigurationPlatforms) = preSolution
		Development|Default = Development|Default
	EndGlobalSection
	GlobalSection(ProjectConfigurationPlatforms) = postSolution
		{B040F14E-CF2D-4307-BE6D-C6B42A6FA4D5}.Development|Default.ActiveCfg = Development
		{B040F14E-CF2D-4307-BE6D-C6B42A6FA4D5}.Development|Default.Build.0 = Development
	EndGlobalSection
	GlobalSection(SolutionProperties) = preSolution
		HideSolutionNode = FALSE
	EndGlobalSection
EndGlobal
